{
  "name": "typescript",
  "version": "5.0.4-sdk",
  "lockfileVersion": 3,
  "requires": true,
  "packages": {
    "": {
      "name": "typescript",
      "version": "5.0.4-sdk",
      "dependencies": {
        "typescript": "file:"
      },
      "bin": {
        "tsc": "bin/tsc",
        "tsserver": "bin/tsserver"
      }
    },
    "node_modules/typescript": {
      "resolved": "",
      "link": true
    }
  }
}
