{
  "name": "eslint",
  "version": "8.51.0-sdk",
  "lockfileVersion": 3,
  "requires": true,
  "packages": {
    "": {
      "name": "eslint",
      "version": "8.51.0-sdk",
      "dependencies": {
        "eslint": "file:"
      },
      "bin": {
        "eslint": "bin/eslint.js"
      }
    },
    "node_modules/eslint": {
      "resolved": "",
      "link": true
    }
  }
}
